
Microsoft Visual Studio Solution File, Format Version 12.00
# Visual Studio Version 17
VisualStudioVersion = 17.13.35931.197 d17.13
MinimumVisualStudioVersion = 10.0.40219.1
Project("{FAE04EC0-301F-11D3-BF4B-00C04F79EFBC}") = "Generics", "Generics\Generics.csproj", "{BC17F99B-B5F1-450B-B1E1-3DC1CE8B6908}"
EndProject
Global
	GlobalSection(SolutionConfigurationPlatforms) = preSolution
		Debug|Any CPU = Debug|Any CPU
		Release|Any CPU = Release|Any CPU
	EndGlobalSection
	GlobalSection(ProjectConfigurationPlatforms) = postSolution
		{BC17F99B-B5F1-450B-B1E1-3DC1CE8B6908}.Debug|Any CPU.ActiveCfg = Debug|Any CPU
		{BC17F99B-B5F1-450B-B1E1-3DC1CE8B6908}.Debug|Any CPU.Build.0 = Debug|Any CPU
		{BC17F99B-B5F1-450B-B1E1-3DC1CE8B6908}.Release|Any CPU.ActiveCfg = Release|Any CPU
		{BC17F99B-B5F1-450B-B1E1-3DC1CE8B6908}.Release|Any CPU.Build.0 = Release|Any CPU
	EndGlobalSection
	GlobalSection(SolutionProperties) = preSolution
		HideSolutionNode = FALSE
	EndGlobalSection
	GlobalSection(ExtensibilityGlobals) = postSolution
		SolutionGuid = {06A63F14-8399-4A36-9C3B-7B3630AFE6BB}
	EndGlobalSection
EndGlobal
